
Microsoft Visual Studio Solution File, Format Version 12.00
# Visual Studio Version 17
VisualStudioVersion = 17.0.32014.148
MinimumVisualStudioVersion = 10.0.40219.1
Project("{9A19103F-16F7-4668-BE54-9A1E7A4F7556}") = "MigrationUtils", "MigrationUtils\MigrationUtils.csproj", "{342ED785-5351-453A-AA54-38DBAE181B83}"
EndProject
Project("{FAE04EC0-301F-11D3-BF4B-00C04F79EFBC}") = "SecurityScanner", "SecurityScanner\SecurityScanner.csproj", "{BDCD4991-B8DF-4219-927D-EB6172670A2B}"
EndProject
Global
	GlobalSection(SolutionConfigurationPlatforms) = preSolution
		Debug|Any CPU = Debug|Any CPU
		Release|Any CPU = Release|Any CPU
	EndGlobalSection
	GlobalSection(ProjectConfigurationPlatforms) = postSolution
		{342ED785-5351-453A-AA54-38DBAE181B83}.Debug|Any CPU.ActiveCfg = Debug|Any CPU
		{342ED785-5351-453A-AA54-38DBAE181B83}.Debug|Any CPU.Build.0 = Debug|Any CPU
		{342ED785-5351-453A-AA54-38DBAE181B83}.Release|Any CPU.ActiveCfg = Release|Any CPU
		{342ED785-5351-453A-AA54-38DBAE181B83}.Release|Any CPU.Build.0 = Release|Any CPU
		{BDCD4991-B8DF-4219-927D-EB6172670A2B}.Debug|Any CPU.ActiveCfg = Debug|Any CPU
		{BDCD4991-B8DF-4219-927D-EB6172670A2B}.Debug|Any CPU.Build.0 = Debug|Any CPU
		{BDCD4991-B8DF-4219-927D-EB6172670A2B}.Release|Any CPU.ActiveCfg = Release|Any CPU
		{BDCD4991-B8DF-4219-927D-EB6172670A2B}.Release|Any CPU.Build.0 = Release|Any CPU
	EndGlobalSection
	GlobalSection(SolutionProperties) = preSolution
		HideSolutionNode = FALSE
	EndGlobalSection
	GlobalSection(ExtensibilityGlobals) = postSolution
		SolutionGuid = {02F561FD-CB5D-4B25-9795-A8C9B7AFB90D}
	EndGlobalSection
EndGlobal
